// !$*UTF8*$!
{
	archiveVersion = 1;
	classes = {
	};
	objectVersion = 50;
	objects = {

/* Begin PBXBuildFile section */
		8C56388325BAE49100449063 /* AppDelegate.swift in Sources */ = {isa = PBXBuildFile; fileRef = 8C56388225BAE49100449063 /* AppDelegate.swift */; };
		8C56388525BAE49100449063 /* art.scnassets in Resources */ = {isa = PBXBuildFile; fileRef = 8C56388425BAE49100449063 /* art.scnassets */; };
		8C56388725BAE49100449063 /* ViewController.swift in Sources */ = {isa = PBXBuildFile; fileRef = 8C56388625BAE49100449063 /* ViewController.swift */; };
		8C56388A25BAE49100449063 /* Main.storyboard in Resources */ = {isa = PBXBuildFile; fileRef = 8C56388825BAE49100449063 /* Main.storyboard */; };
		8C56388C25BAE49300449063 /* Assets.xcassets in Resources */ = {isa = PBXBuildFile; fileRef = 8C56388B25BAE49300449063 /* Assets.xcassets */; };
		8C56388F25BAE49300449063 /* LaunchScreen.storyboard in Resources */ = {isa = PBXBuildFile; fileRef = 8C56388D25BAE49300449063 /* LaunchScreen.storyboard */; };
		8C56389A25BAE49400449063 /* NewGameSampleAppTests.swift in Sources */ = {isa = PBXBuildFile; fileRef = 8C56389925BAE49400449063 /* NewGameSampleAppTests.swift */; };
		8C5638A525BAE49400449063 /* NewGameSampleAppUITests.swift in Sources */ = {isa = PBXBuildFile; fileRef = 8C5638A425BAE49400449063 /* NewGameSampleAppUITests.swift */; };
		8C5638B425BB08D200449063 /* PlayerModel.swift in Sources */ = {isa = PBXBuildFile; fileRef = 8C5638B325BB08D200449063 /* PlayerModel.swift */; };
		8C5638B625BB0AC700449063 /* SaveColorModel.swift in Sources */ = {isa = PBXBuildFile; fileRef = 8C5638B525BB0AC700449063 /* SaveColorModel.swift */; };
		8C5638B825BB0EF800449063 /* MakeFieldModel.swift in Sources */ = {isa = PBXBuildFile; fileRef = 8C5638B725BB0EF800449063 /* MakeFieldModel.swift */; };
		8C5638BA25BBC37300449063 /* SetARModel.swift in Sources */ = {isa = PBXBuildFile; fileRef = 8C5638B925BBC37300449063 /* SetARModel.swift */; };
		8C5638BC25BBCA7B00449063 /* MakePawnModel.swift in Sources */ = {isa = PBXBuildFile; fileRef = 8C5638BB25BBCA7B00449063 /* MakePawnModel.swift */; };
		8C5638BE25BC709D00449063 /* DeleteARModel.swift in Sources */ = {isa = PBXBuildFile; fileRef = 8C5638BD25BC709D00449063 /* DeleteARModel.swift */; };
		8C5638C025BC73ED00449063 /* JudgementWiinerModel.swift in Sources */ = {isa = PBXBuildFile; fileRef = 8C5638BF25BC73ED00449063 /* JudgementWiinerModel.swift */; };
		8C5638C225BC762F00449063 /* JudgementBetrayerModel.swift in Sources */ = {isa = PBXBuildFile; fileRef = 8C5638C125BC762F00449063 /* JudgementBetrayerModel.swift */; };
		8C5750CB25C08A640030CD2A /* ButtonProcessingModel.swift in Sources */ = {isa = PBXBuildFile; fileRef = 8C5750CA25C08A640030CD2A /* ButtonProcessingModel.swift */; };
/* End PBXBuildFile section */

/* Begin PBXContainerItemProxy section */
		8C56389625BAE49400449063 /* PBXContainerItemProxy */ = {
			isa = PBXContainerItemProxy;
			containerPortal = 8C56387725BAE49100449063 /* Project object */;
			proxyType = 1;
			remoteGlobalIDString = 8C56387E25BAE49100449063;
			remoteInfo = NewGameSampleApp;
		};
		8C5638A125BAE49400449063 /* PBXContainerItemProxy */ = {
			isa = PBXContainerItemProxy;
			containerPortal = 8C56387725BAE49100449063 /* Project object */;
			proxyType = 1;
			remoteGlobalIDString = 8C56387E25BAE49100449063;
			remoteInfo = NewGameSampleApp;
		};
/* End PBXContainerItemProxy section */

/* Begin PBXFileReference section */
		8C56387F25BAE49100449063 /* NewGameSampleApp.app */ = {isa = PBXFileReference; explicitFileType = wrapper.application; includeInIndex = 0; path = NewGameSampleApp.app; sourceTree = BUILT_PRODUCTS_DIR; };
		8C56388225BAE49100449063 /* AppDelegate.swift */ = {isa = PBXFileReference; lastKnownFileType = sourcecode.swift; path = AppDelegate.swift; sourceTree = "<group>"; };
		8C56388425BAE49100449063 /* art.scnassets */ = {isa = PBXFileReference; lastKnownFileType = wrapper.scnassets; path = art.scnassets; sourceTree = "<group>"; };
		8C56388625BAE49100449063 /* ViewController.swift */ = {isa = PBXFileReference; lastKnownFileType = sourcecode.swift; path = ViewController.swift; sourceTree = "<group>"; };
		8C56388925BAE49100449063 /* Base */ = {isa = PBXFileReference; lastKnownFileType = file.storyboard; name = Base; path = Base.lproj/Main.storyboard; sourceTree = "<group>"; };
		8C56388B25BAE49300449063 /* Assets.xcassets */ = {isa = PBXFileReference; lastKnownFileType = folder.assetcatalog; path = Assets.xcassets; sourceTree = "<group>"; };
		8C56388E25BAE49300449063 /* Base */ = {isa = PBXFileReference; lastKnownFileType = file.storyboard; name = Base; path = Base.lproj/LaunchScreen.storyboard; sourceTree = "<group>"; };
		8C56389025BAE49300449063 /* Info.plist */ = {isa = PBXFileReference; lastKnownFileType = text.plist.xml; path = Info.plist; sourceTree = "<group>"; };
		8C56389525BAE49400449063 /* NewGameSampleAppTests.xctest */ = {isa = PBXFileReference; explicitFileType = wrapper.cfbundle; includeInIndex = 0; path = NewGameSampleAppTests.xctest; sourceTree = BUILT_PRODUCTS_DIR; };
		8C56389925BAE49400449063 /* NewGameSampleAppTests.swift */ = {isa = PBXFileReference; lastKnownFileType = sourcecode.swift; path = NewGameSampleAppTests.swift; sourceTree = "<group>"; };
		8C56389B25BAE49400449063 /* Info.plist */ = {isa = PBXFileReference; lastKnownFileType = text.plist.xml; path = Info.plist; sourceTree = "<group>"; };
		8C5638A025BAE49400449063 /* NewGameSampleAppUITests.xctest */ = {isa = PBXFileReference; explicitFileType = wrapper.cfbundle; includeInIndex = 0; path = NewGameSampleAppUITests.xctest; sourceTree = BUILT_PRODUCTS_DIR; };
		8C5638A425BAE49400449063 /* NewGameSampleAppUITests.swift */ = {isa = PBXFileReference; lastKnownFileType = sourcecode.swift; path = NewGameSampleAppUITests.swift; sourceTree = "<group>"; };
		8C5638A625BAE49400449063 /* Info.plist */ = {isa = PBXFileReference; lastKnownFileType = text.plist.xml; path = Info.plist; sourceTree = "<group>"; };
		8C5638B325BB08D200449063 /* PlayerModel.swift */ = {isa = PBXFileReference; lastKnownFileType = sourcecode.swift; path = PlayerModel.swift; sourceTree = "<group>"; };
		8C5638B525BB0AC700449063 /* SaveColorModel.swift */ = {isa = PBXFileReference; lastKnownFileType = sourcecode.swift; path = SaveColorModel.swift; sourceTree = "<group>"; };
		8C5638B725BB0EF800449063 /* MakeFieldModel.swift */ = {isa = PBXFileReference; lastKnownFileType = sourcecode.swift; path = MakeFieldModel.swift; sourceTree = "<group>"; };
		8C5638B925BBC37300449063 /* SetARModel.swift */ = {isa = PBXFileReference; lastKnownFileType = sourcecode.swift; path = SetARModel.swift; sourceTree = "<group>"; };
		8C5638BB25BBCA7B00449063 /* MakePawnModel.swift */ = {isa = PBXFileReference; lastKnownFileType = sourcecode.swift; path = MakePawnModel.swift; sourceTree = "<group>"; };
		8C5638BD25BC709D00449063 /* DeleteARModel.swift */ = {isa = PBXFileReference; lastKnownFileType = sourcecode.swift; path = DeleteARModel.swift; sourceTree = "<group>"; };
		8C5638BF25BC73ED00449063 /* JudgementWiinerModel.swift */ = {isa = PBXFileReference; lastKnownFileType = sourcecode.swift; path = JudgementWiinerModel.swift; sourceTree = "<group>"; };
		8C5638C125BC762F00449063 /* JudgementBetrayerModel.swift */ = {isa = PBXFileReference; lastKnownFileType = sourcecode.swift; path = JudgementBetrayerModel.swift; sourceTree = "<group>"; };
		8C5750CA25C08A640030CD2A /* ButtonProcessingModel.swift */ = {isa = PBXFileReference; lastKnownFileType = sourcecode.swift; path = ButtonProcessingModel.swift; sourceTree = "<group>"; };
/* End PBXFileReference section */

/* Begin PBXFrameworksBuildPhase section */
		8C56387C25BAE49100449063 /* Frameworks */ = {
			isa = PBXFrameworksBuildPhase;
			buildActionMask = 2147483647;
			files = (
			);
			runOnlyForDeploymentPostprocessing = 0;
		};
		8C56389225BAE49400449063 /* Frameworks */ = {
			isa = PBXFrameworksBuildPhase;
			buildActionMask = 2147483647;
			files = (
			);
			runOnlyForDeploymentPostprocessing = 0;
		};
		8C56389D25BAE49400449063 /* Frameworks */ = {
			isa = PBXFrameworksBuildPhase;
			buildActionMask = 2147483647;
			files = (
			);
			runOnlyForDeploymentPostprocessing = 0;
		};
/* End PBXFrameworksBuildPhase section */

/* Begin PBXGroup section */
		8C56387625BAE49100449063 = {
			isa = PBXGroup;
			children = (
				8C56388125BAE49100449063 /* NewGameSampleApp */,
				8C56389825BAE49400449063 /* NewGameSampleAppTests */,
				8C5638A325BAE49400449063 /* NewGameSampleAppUITests */,
				8C56388025BAE49100449063 /* Products */,
			);
			sourceTree = "<group>";
		};
		8C56388025BAE49100449063 /* Products */ = {
			isa = PBXGroup;
			children = (
				8C56387F25BAE49100449063 /* NewGameSampleApp.app */,
				8C56389525BAE49400449063 /* NewGameSampleAppTests.xctest */,
				8C5638A025BAE49400449063 /* NewGameSampleAppUITests.xctest */,
			);
			name = Products;
			sourceTree = "<group>";
		};
		8C56388125BAE49100449063 /* NewGameSampleApp */ = {
			isa = PBXGroup;
			children = (
				8C5638B225BB089C00449063 /* Model */,
				8C56388225BAE49100449063 /* AppDelegate.swift */,
				8C56388425BAE49100449063 /* art.scnassets */,
				8C56388625BAE49100449063 /* ViewController.swift */,
				8C56388825BAE49100449063 /* Main.storyboard */,
				8C56388B25BAE49300449063 /* Assets.xcassets */,
				8C56388D25BAE49300449063 /* LaunchScreen.storyboard */,
				8C56389025BAE49300449063 /* Info.plist */,
			);
			path = NewGameSampleApp;
			sourceTree = "<group>";
		};
		8C56389825BAE49400449063 /* NewGameSampleAppTests */ = {
			isa = PBXGroup;
			children = (
				8C56389925BAE49400449063 /* NewGameSampleAppTests.swift */,
				8C56389B25BAE49400449063 /* Info.plist */,
			);
			path = NewGameSampleAppTests;
			sourceTree = "<group>";
		};
		8C5638A325BAE49400449063 /* NewGameSampleAppUITests */ = {
			isa = PBXGroup;
			children = (
				8C5638A425BAE49400449063 /* NewGameSampleAppUITests.swift */,
				8C5638A625BAE49400449063 /* Info.plist */,
			);
			path = NewGameSampleAppUITests;
			sourceTree = "<group>";
		};
		8C5638B225BB089C00449063 /* Model */ = {
			isa = PBXGroup;
			children = (
				8C5638B325BB08D200449063 /* PlayerModel.swift */,
				8C5638B525BB0AC700449063 /* SaveColorModel.swift */,
				8C5638B725BB0EF800449063 /* MakeFieldModel.swift */,
				8C5638B925BBC37300449063 /* SetARModel.swift */,
				8C5638BB25BBCA7B00449063 /* MakePawnModel.swift */,
				8C5638BD25BC709D00449063 /* DeleteARModel.swift */,
				8C5638BF25BC73ED00449063 /* JudgementWiinerModel.swift */,
				8C5638C125BC762F00449063 /* JudgementBetrayerModel.swift */,
				8C5750CA25C08A640030CD2A /* ButtonProcessingModel.swift */,
			);
			path = Model;
			sourceTree = "<group>";
		};
/* End PBXGroup section */

/* Begin PBXNativeTarget section */
		8C56387E25BAE49100449063 /* NewGameSampleApp */ = {
			isa = PBXNativeTarget;
			buildConfigurationList = 8C5638A925BAE49400449063 /* Build configuration list for PBXNativeTarget "NewGameSampleApp" */;
			buildPhases = (
				8C56387B25BAE49100449063 /* Sources */,
				8C56387C25BAE49100449063 /* Frameworks */,
				8C56387D25BAE49100449063 /* Resources */,
			);
			buildRules = (
			);
			dependencies = (
			);
			name = NewGameSampleApp;
			productName = NewGameSampleApp;
			productReference = 8C56387F25BAE49100449063 /* NewGameSampleApp.app */;
			productType = "com.apple.product-type.application";
		};
		8C56389425BAE49400449063 /* NewGameSampleAppTests */ = {
			isa = PBXNativeTarget;
			buildConfigurationList = 8C5638AC25BAE49400449063 /* Build configuration list for PBXNativeTarget "NewGameSampleAppTests" */;
			buildPhases = (
				8C56389125BAE49400449063 /* Sources */,
				8C56389225BAE49400449063 /* Frameworks */,
				8C56389325BAE49400449063 /* Resources */,
			);
			buildRules = (
			);
			dependencies = (
				8C56389725BAE49400449063 /* PBXTargetDependency */,
			);
			name = NewGameSampleAppTests;
			productName = NewGameSampleAppTests;
			productReference = 8C56389525BAE49400449063 /* NewGameSampleAppTests.xctest */;
			productType = "com.apple.product-type.bundle.unit-test";
		};
		8C56389F25BAE49400449063 /* NewGameSampleAppUITests */ = {
			isa = PBXNativeTarget;
			buildConfigurationList = 8C5638AF25BAE49400449063 /* Build configuration list for PBXNativeTarget "NewGameSampleAppUITests" */;
			buildPhases = (
				8C56389C25BAE49400449063 /* Sources */,
				8C56389D25BAE49400449063 /* Frameworks */,
				8C56389E25BAE49400449063 /* Resources */,
			);
			buildRules = (
			);
			dependencies = (
				8C5638A225BAE49400449063 /* PBXTargetDependency */,
			);
			name = NewGameSampleAppUITests;
			productName = NewGameSampleAppUITests;
			productReference = 8C5638A025BAE49400449063 /* NewGameSampleAppUITests.xctest */;
			productType = "com.apple.product-type.bundle.ui-testing";
		};
/* End PBXNativeTarget section */

/* Begin PBXProject section */
		8C56387725BAE49100449063 /* Project object */ = {
			isa = PBXProject;
			attributes = {
				LastSwiftUpdateCheck = 1170;
				LastUpgradeCheck = 1170;
				ORGANIZATIONNAME = "尾原徳泰";
				TargetAttributes = {
					8C56387E25BAE49100449063 = {
						CreatedOnToolsVersion = 11.7;
					};
					8C56389425BAE49400449063 = {
						CreatedOnToolsVersion = 11.7;
						TestTargetID = 8C56387E25BAE49100449063;
					};
					8C56389F25BAE49400449063 = {
						CreatedOnToolsVersion = 11.7;
						TestTargetID = 8C56387E25BAE49100449063;
					};
				};
			};
			buildConfigurationList = 8C56387A25BAE49100449063 /* Build configuration list for PBXProject "NewGameSampleApp" */;
			compatibilityVersion = "Xcode 9.3";
			developmentRegion = en;
			hasScannedForEncodings = 0;
			knownRegions = (
				en,
				Base,
			);
			mainGroup = 8C56387625BAE49100449063;
			productRefGroup = 8C56388025BAE49100449063 /* Products */;
			projectDirPath = "";
			projectRoot = "";
			targets = (
				8C56387E25BAE49100449063 /* NewGameSampleApp */,
				8C56389425BAE49400449063 /* NewGameSampleAppTests */,
				8C56389F25BAE49400449063 /* NewGameSampleAppUITests */,
			);
		};
/* End PBXProject section */

/* Begin PBXResourcesBuildPhase section */
		8C56387D25BAE49100449063 /* Resources */ = {
			isa = PBXResourcesBuildPhase;
			buildActionMask = 2147483647;
			files = (
				8C56388525BAE49100449063 /* art.scnassets in Resources */,
				8C56388F25BAE49300449063 /* LaunchScreen.storyboard in Resources */,
				8C56388C25BAE49300449063 /* Assets.xcassets in Resources */,
				8C56388A25BAE49100449063 /* Main.storyboard in Resources */,
			);
			runOnlyForDeploymentPostprocessing = 0;
		};
		8C56389325BAE49400449063 /* Resources */ = {
			isa = PBXResourcesBuildPhase;
			buildActionMask = 2147483647;
			files = (
			);
			runOnlyForDeploymentPostprocessing = 0;
		};
		8C56389E25BAE49400449063 /* Resources */ = {
			isa = PBXResourcesBuildPhase;
			buildActionMask = 2147483647;
			files = (
			);
			runOnlyForDeploymentPostprocessing = 0;
		};
/* End PBXResourcesBuildPhase section */

/* Begin PBXSourcesBuildPhase section */
		8C56387B25BAE49100449063 /* Sources */ = {
			isa = PBXSourcesBuildPhase;
			buildActionMask = 2147483647;
			files = (
				8C5638BC25BBCA7B00449063 /* MakePawnModel.swift in Sources */,
				8C5638B825BB0EF800449063 /* MakeFieldModel.swift in Sources */,
				8C5750CB25C08A640030CD2A /* ButtonProcessingModel.swift in Sources */,
				8C5638B625BB0AC700449063 /* SaveColorModel.swift in Sources */,
				8C5638B425BB08D200449063 /* PlayerModel.swift in Sources */,
				8C5638BA25BBC37300449063 /* SetARModel.swift in Sources */,
				8C5638BE25BC709D00449063 /* DeleteARModel.swift in Sources */,
				8C5638C025BC73ED00449063 /* JudgementWiinerModel.swift in Sources */,
				8C5638C225BC762F00449063 /* JudgementBetrayerModel.swift in Sources */,
				8C56388725BAE49100449063 /* ViewController.swift in Sources */,
				8C56388325BAE49100449063 /* AppDelegate.swift in Sources */,
			);
			runOnlyForDeploymentPostprocessing = 0;
		};
		8C56389125BAE49400449063 /* Sources */ = {
			isa = PBXSourcesBuildPhase;
			buildActionMask = 2147483647;
			files = (
				8C56389A25BAE49400449063 /* NewGameSampleAppTests.swift in Sources */,
			);
			runOnlyForDeploymentPostprocessing = 0;
		};
		8C56389C25BAE49400449063 /* Sources */ = {
			isa = PBXSourcesBuildPhase;
			buildActionMask = 2147483647;
			files = (
				8C5638A525BAE49400449063 /* NewGameSampleAppUITests.swift in Sources */,
			);
			runOnlyForDeploymentPostprocessing = 0;
		};
/* End PBXSourcesBuildPhase section */

/* Begin PBXTargetDependency section */
		8C56389725BAE49400449063 /* PBXTargetDependency */ = {
			isa = PBXTargetDependency;
			target = 8C56387E25BAE49100449063 /* NewGameSampleApp */;
			targetProxy = 8C56389625BAE49400449063 /* PBXContainerItemProxy */;
		};
		8C5638A225BAE49400449063 /* PBXTargetDependency */ = {
			isa = PBXTargetDependency;
			target = 8C56387E25BAE49100449063 /* NewGameSampleApp */;
			targetProxy = 8C5638A125BAE49400449063 /* PBXContainerItemProxy */;
		};
/* End PBXTargetDependency section */

/* Begin PBXVariantGroup section */
		8C56388825BAE49100449063 /* Main.storyboard */ = {
			isa = PBXVariantGroup;
			children = (
				8C56388925BAE49100449063 /* Base */,
			);
			name = Main.storyboard;
			sourceTree = "<group>";
		};
		8C56388D25BAE49300449063 /* LaunchScreen.storyboard */ = {
			isa = PBXVariantGroup;
			children = (
				8C56388E25BAE49300449063 /* Base */,
			);
			name = LaunchScreen.storyboard;
			sourceTree = "<group>";
		};
/* End PBXVariantGroup section */

/* Begin XCBuildConfiguration section */
		8C5638A725BAE49400449063 /* Debug */ = {
			isa = XCBuildConfiguration;
			buildSettings = {
				ALWAYS_SEARCH_USER_PATHS = NO;
				CLANG_ANALYZER_NONNULL = YES;
				CLANG_ANALYZER_NUMBER_OBJECT_CONVERSION = YES_AGGRESSIVE;
				CLANG_CXX_LANGUAGE_STANDARD = "gnu++14";
				CLANG_CXX_LIBRARY = "libc++";
				CLANG_ENABLE_MODULES = YES;
				CLANG_ENABLE_OBJC_ARC = YES;
				CLANG_ENABLE_OBJC_WEAK = YES;
				CLANG_WARN_BLOCK_CAPTURE_AUTORELEASING = YES;
				CLANG_WARN_BOOL_CONVERSION = YES;
				CLANG_WARN_COMMA = YES;
				CLANG_WARN_CONSTANT_CONVERSION = YES;
				CLANG_WARN_DEPRECATED_OBJC_IMPLEMENTATIONS = YES;
				CLANG_WARN_DIRECT_OBJC_ISA_USAGE = YES_ERROR;
				CLANG_WARN_DOCUMENTATION_COMMENTS = YES;
				CLANG_WARN_EMPTY_BODY = YES;
				CLANG_WARN_ENUM_CONVERSION = YES;
				CLANG_WARN_INFINITE_RECURSION = YES;
				CLANG_WARN_INT_CONVERSION = YES;
				CLANG_WARN_NON_LITERAL_NULL_CONVERSION = YES;
				CLANG_WARN_OBJC_IMPLICIT_RETAIN_SELF = YES;
				CLANG_WARN_OBJC_LITERAL_CONVERSION = YES;
				CLANG_WARN_OBJC_ROOT_CLASS = YES_ERROR;
				CLANG_WARN_RANGE_LOOP_ANALYSIS = YES;
				CLANG_WARN_STRICT_PROTOTYPES = YES;
				CLANG_WARN_SUSPICIOUS_MOVE = YES;
				CLANG_WARN_UNGUARDED_AVAILABILITY = YES_AGGRESSIVE;
				CLANG_WARN_UNREACHABLE_CODE = YES;
				CLANG_WARN__DUPLICATE_METHOD_MATCH = YES;
				COPY_PHASE_STRIP = NO;
				DEBUG_INFORMATION_FORMAT = dwarf;
				ENABLE_STRICT_OBJC_MSGSEND = YES;
				ENABLE_TESTABILITY = YES;
				GCC_C_LANGUAGE_STANDARD = gnu11;
				GCC_DYNAMIC_NO_PIC = NO;
				GCC_NO_COMMON_BLOCKS = YES;
				GCC_OPTIMIZATION_LEVEL = 0;
				GCC_PREPROCESSOR_DEFINITIONS = (
					"DEBUG=1",
					"$(inherited)",
				);
				GCC_WARN_64_TO_32_BIT_CONVERSION = YES;
				GCC_WARN_ABOUT_RETURN_TYPE = YES_ERROR;
				GCC_WARN_UNDECLARED_SELECTOR = YES;
				GCC_WARN_UNINITIALIZED_AUTOS = YES_AGGRESSIVE;
				GCC_WARN_UNUSED_FUNCTION = YES;
				GCC_WARN_UNUSED_VARIABLE = YES;
				IPHONEOS_DEPLOYMENT_TARGET = 13.7;
				MTL_ENABLE_DEBUG_INFO = INCLUDE_SOURCE;
				MTL_FAST_MATH = YES;
				ONLY_ACTIVE_ARCH = YES;
				SDKROOT = iphoneos;
				SWIFT_ACTIVE_COMPILATION_CONDITIONS = DEBUG;
				SWIFT_OPTIMIZATION_LEVEL = "-Onone";
			};
			name = Debug;
		};
		8C5638A825BAE49400449063 /* Release */ = {
			isa = XCBuildConfiguration;
			buildSettings = {
				ALWAYS_SEARCH_USER_PATHS = NO;
				CLANG_ANALYZER_NONNULL = YES;
				CLANG_ANALYZER_NUMBER_OBJECT_CONVERSION = YES_AGGRESSIVE;
				CLANG_CXX_LANGUAGE_STANDARD = "gnu++14";
				CLANG_CXX_LIBRARY = "libc++";
				CLANG_ENABLE_MODULES = YES;
				CLANG_ENABLE_OBJC_ARC = YES;
				CLANG_ENABLE_OBJC_WEAK = YES;
				CLANG_WARN_BLOCK_CAPTURE_AUTORELEASING = YES;
				CLANG_WARN_BOOL_CONVERSION = YES;
				CLANG_WARN_COMMA = YES;
				CLANG_WARN_CONSTANT_CONVERSION = YES;
				CLANG_WARN_DEPRECATED_OBJC_IMPLEMENTATIONS = YES;
				CLANG_WARN_DIRECT_OBJC_ISA_USAGE = YES_ERROR;
				CLANG_WARN_DOCUMENTATION_COMMENTS = YES;
				CLANG_WARN_EMPTY_BODY = YES;
				CLANG_WARN_ENUM_CONVERSION = YES;
				CLANG_WARN_INFINITE_RECURSION = YES;
				CLANG_WARN_INT_CONVERSION = YES;
				CLANG_WARN_NON_LITERAL_NULL_CONVERSION = YES;
				CLANG_WARN_OBJC_IMPLICIT_RETAIN_SELF = YES;
				CLANG_WARN_OBJC_LITERAL_CONVERSION = YES;
				CLANG_WARN_OBJC_ROOT_CLASS = YES_ERROR;
				CLANG_WARN_RANGE_LOOP_ANALYSIS = YES;
				CLANG_WARN_STRICT_PROTOTYPES = YES;
				CLANG_WARN_SUSPICIOUS_MOVE = YES;
				CLANG_WARN_UNGUARDED_AVAILABILITY = YES_AGGRESSIVE;
				CLANG_WARN_UNREACHABLE_CODE = YES;
				CLANG_WARN__DUPLICATE_METHOD_MATCH = YES;
				COPY_PHASE_STRIP = NO;
				DEBUG_INFORMATION_FORMAT = "dwarf-with-dsym";
				ENABLE_NS_ASSERTIONS = NO;
				ENABLE_STRICT_OBJC_MSGSEND = YES;
				GCC_C_LANGUAGE_STANDARD = gnu11;
				GCC_NO_COMMON_BLOCKS = YES;
				GCC_WARN_64_TO_32_BIT_CONVERSION = YES;
				GCC_WARN_ABOUT_RETURN_TYPE = YES_ERROR;
				GCC_WARN_UNDECLARED_SELECTOR = YES;
				GCC_WARN_UNINITIALIZED_AUTOS = YES_AGGRESSIVE;
				GCC_WARN_UNUSED_FUNCTION = YES;
				GCC_WARN_UNUSED_VARIABLE = YES;
				IPHONEOS_DEPLOYMENT_TARGET = 13.7;
				MTL_ENABLE_DEBUG_INFO = NO;
				MTL_FAST_MATH = YES;
				SDKROOT = iphoneos;
				SWIFT_COMPILATION_MODE = wholemodule;
				SWIFT_OPTIMIZATION_LEVEL = "-O";
				VALIDATE_PRODUCT = YES;
			};
			name = Release;
		};
		8C5638AA25BAE49400449063 /* Debug */ = {
			isa = XCBuildConfiguration;
			buildSettings = {
				ASSETCATALOG_COMPILER_APPICON_NAME = AppIcon;
				CODE_SIGN_STYLE = Automatic;
				DEVELOPMENT_TEAM = 4VA5NBL27P;
				INFOPLIST_FILE = NewGameSampleApp/Info.plist;
				LD_RUNPATH_SEARCH_PATHS = (
					"$(inherited)",
					"@executable_path/Frameworks",
				);
				PRODUCT_BUNDLE_IDENTIFIER = com.gmail.tukareta.nori.NewGameSampleApp;
				PRODUCT_NAME = "$(TARGET_NAME)";
				SWIFT_VERSION = 5.0;
				TARGETED_DEVICE_FAMILY = "1,2";
			};
			name = Debug;
		};
		8C5638AB25BAE49400449063 /* Release */ = {
			isa = XCBuildConfiguration;
			buildSettings = {
				ASSETCATALOG_COMPILER_APPICON_NAME = AppIcon;
				CODE_SIGN_STYLE = Automatic;
				DEVELOPMENT_TEAM = 4VA5NBL27P;
				INFOPLIST_FILE = NewGameSampleApp/Info.plist;
				LD_RUNPATH_SEARCH_PATHS = (
					"$(inherited)",
					"@executable_path/Frameworks",
				);
				PRODUCT_BUNDLE_IDENTIFIER = com.gmail.tukareta.nori.NewGameSampleApp;
				PRODUCT_NAME = "$(TARGET_NAME)";
				SWIFT_VERSION = 5.0;
				TARGETED_DEVICE_FAMILY = "1,2";
			};
			name = Release;
		};
		8C5638AD25BAE49400449063 /* Debug */ = {
			isa = XCBuildConfiguration;
			buildSettings = {
				ALWAYS_EMBED_SWIFT_STANDARD_LIBRARIES = YES;
				BUNDLE_LOADER = "$(TEST_HOST)";
				CODE_SIGN_STYLE = Automatic;
				DEVELOPMENT_TEAM = 4VA5NBL27P;
				INFOPLIST_FILE = NewGameSampleAppTests/Info.plist;
				IPHONEOS_DEPLOYMENT_TARGET = 13.7;
				LD_RUNPATH_SEARCH_PATHS = (
					"$(inherited)",
					"@executable_path/Frameworks",
					"@loader_path/Frameworks",
				);
				PRODUCT_BUNDLE_IDENTIFIER = com.gmail.tukareta.nori.NewGameSampleAppTests;
				PRODUCT_NAME = "$(TARGET_NAME)";
				SWIFT_VERSION = 5.0;
				TARGETED_DEVICE_FAMILY = "1,2";
				TEST_HOST = "$(BUILT_PRODUCTS_DIR)/NewGameSampleApp.app/NewGameSampleApp";
			};
			name = Debug;
		};
		8C5638AE25BAE49400449063 /* Release */ = {
			isa = XCBuildConfiguration;
			buildSettings = {
				ALWAYS_EMBED_SWIFT_STANDARD_LIBRARIES = YES;
				BUNDLE_LOADER = "$(TEST_HOST)";
				CODE_SIGN_STYLE = Automatic;
				DEVELOPMENT_TEAM = 4VA5NBL27P;
				INFOPLIST_FILE = NewGameSampleAppTests/Info.plist;
				IPHONEOS_DEPLOYMENT_TARGET = 13.7;
				LD_RUNPATH_SEARCH_PATHS = (
					"$(inherited)",
					"@executable_path/Frameworks",
					"@loader_path/Frameworks",
				);
				PRODUCT_BUNDLE_IDENTIFIER = com.gmail.tukareta.nori.NewGameSampleAppTests;
				PRODUCT_NAME = "$(TARGET_NAME)";
				SWIFT_VERSION = 5.0;
				TARGETED_DEVICE_FAMILY = "1,2";
				TEST_HOST = "$(BUILT_PRODUCTS_DIR)/NewGameSampleApp.app/NewGameSampleApp";
			};
			name = Release;
		};
		8C5638B025BAE49400449063 /* Debug */ = {
			isa = XCBuildConfiguration;
			buildSettings = {
				ALWAYS_EMBED_SWIFT_STANDARD_LIBRARIES = YES;
				CODE_SIGN_STYLE = Automatic;
				DEVELOPMENT_TEAM = 4VA5NBL27P;
				INFOPLIST_FILE = NewGameSampleAppUITests/Info.plist;
				LD_RUNPATH_SEARCH_PATHS = (
					"$(inherited)",
					"@executable_path/Frameworks",
					"@loader_path/Frameworks",
				);
				PRODUCT_BUNDLE_IDENTIFIER = com.gmail.tukareta.nori.NewGameSampleAppUITests;
				PRODUCT_NAME = "$(TARGET_NAME)";
				SWIFT_VERSION = 5.0;
				TARGETED_DEVICE_FAMILY = "1,2";
				TEST_TARGET_NAME = NewGameSampleApp;
			};
			name = Debug;
		};
		8C5638B125BAE49400449063 /* Release */ = {
			isa = XCBuildConfiguration;
			buildSettings = {
				ALWAYS_EMBED_SWIFT_STANDARD_LIBRARIES = YES;
				CODE_SIGN_STYLE = Automatic;
				DEVELOPMENT_TEAM = 4VA5NBL27P;
				INFOPLIST_FILE = NewGameSampleAppUITests/Info.plist;
				LD_RUNPATH_SEARCH_PATHS = (
					"$(inherited)",
					"@executable_path/Frameworks",
					"@loader_path/Frameworks",
				);
				PRODUCT_BUNDLE_IDENTIFIER = com.gmail.tukareta.nori.NewGameSampleAppUITests;
				PRODUCT_NAME = "$(TARGET_NAME)";
				SWIFT_VERSION = 5.0;
				TARGETED_DEVICE_FAMILY = "1,2";
				TEST_TARGET_NAME = NewGameSampleApp;
			};
			name = Release;
		};
/* End XCBuildConfiguration section */

/* Begin XCConfigurationList section */
		8C56387A25BAE49100449063 /* Build configuration list for PBXProject "NewGameSampleApp" */ = {
			isa = XCConfigurationList;
			buildConfigurations = (
				8C5638A725BAE49400449063 /* Debug */,
				8C5638A825BAE49400449063 /* Release */,
			);
			defaultConfigurationIsVisible = 0;
			defaultConfigurationName = Release;
		};
		8C5638A925BAE49400449063 /* Build configuration list for PBXNativeTarget "NewGameSampleApp" */ = {
			isa = XCConfigurationList;
			buildConfigurations = (
				8C5638AA25BAE49400449063 /* Debug */,
				8C5638AB25BAE49400449063 /* Release */,
			);
			defaultConfigurationIsVisible = 0;
			defaultConfigurationName = Release;
		};
		8C5638AC25BAE49400449063 /* Build configuration list for PBXNativeTarget "NewGameSampleAppTests" */ = {
			isa = XCConfigurationList;
			buildConfigurations = (
				8C5638AD25BAE49400449063 /* Debug */,
				8C5638AE25BAE49400449063 /* Release */,
			);
			defaultConfigurationIsVisible = 0;
			defaultConfigurationName = Release;
		};
		8C5638AF25BAE49400449063 /* Build configuration list for PBXNativeTarget "NewGameSampleAppUITests" */ = {
			isa = XCConfigurationList;
			buildConfigurations = (
				8C5638B025BAE49400449063 /* Debug */,
				8C5638B125BAE49400449063 /* Release */,
			);
			defaultConfigurationIsVisible = 0;
			defaultConfigurationName = Release;
		};
/* End XCConfigurationList section */
	};
	rootObject = 8C56387725BAE49100449063 /* Project object */;
}
